
Microsoft Visual Studio Solution File, Format Version 12.00
# Visual Studio Version 17
VisualStudioVersion = 17.7.34024.191
MinimumVisualStudioVersion = 10.0.40219.1
Project("{FAE04EC0-301F-11D3-BF4B-00C04F79EFBC}") = "Hw4-2", "Hw4-2\Hw4-2.csproj", "{03ECF6F9-5F2A-410A-8CBC-92A9E59AF973}"
EndProject
Global
	GlobalSection(SolutionConfigurationPlatforms) = preSolution
		Debug|Any CPU = Debug|Any CPU
		Release|Any CPU = Release|Any CPU
	EndGlobalSection
	GlobalSection(ProjectConfigurationPlatforms) = postSolution
		{03ECF6F9-5F2A-410A-8CBC-92A9E59AF973}.Debug|Any CPU.ActiveCfg = Debug|Any CPU
		{03ECF6F9-5F2A-410A-8CBC-92A9E59AF973}.Debug|Any CPU.Build.0 = Debug|Any CPU
		{03ECF6F9-5F2A-410A-8CBC-92A9E59AF973}.Release|Any CPU.ActiveCfg = Release|Any CPU
		{03ECF6F9-5F2A-410A-8CBC-92A9E59AF973}.Release|Any CPU.Build.0 = Release|Any CPU
	EndGlobalSection
	GlobalSection(SolutionProperties) = preSolution
		HideSolutionNode = FALSE
	EndGlobalSection
	GlobalSection(ExtensibilityGlobals) = postSolution
		SolutionGuid = {B0DC3BE2-9DA1-4D92-9799-39F66CFE3AA5}
	EndGlobalSection
EndGlobal
