
Microsoft Visual Studio Solution File, Format Version 12.00
# Visual Studio Version 17
VisualStudioVersion = 17.7.34024.191
MinimumVisualStudioVersion = 10.0.40219.1
Project("{FAE04EC0-301F-11D3-BF4B-00C04F79EFBC}") = "Hw2-2", "Hw2-2\Hw2-2.csproj", "{D4ADD489-D643-4697-8AA3-43C9D8F6EE74}"
EndProject
Global
	GlobalSection(SolutionConfigurationPlatforms) = preSolution
		Debug|Any CPU = Debug|Any CPU
		Release|Any CPU = Release|Any CPU
	EndGlobalSection
	GlobalSection(ProjectConfigurationPlatforms) = postSolution
		{D4ADD489-D643-4697-8AA3-43C9D8F6EE74}.Debug|Any CPU.ActiveCfg = Debug|Any CPU
		{D4ADD489-D643-4697-8AA3-43C9D8F6EE74}.Debug|Any CPU.Build.0 = Debug|Any CPU
		{D4ADD489-D643-4697-8AA3-43C9D8F6EE74}.Release|Any CPU.ActiveCfg = Release|Any CPU
		{D4ADD489-D643-4697-8AA3-43C9D8F6EE74}.Release|Any CPU.Build.0 = Release|Any CPU
	EndGlobalSection
	GlobalSection(SolutionProperties) = preSolution
		HideSolutionNode = FALSE
	EndGlobalSection
	GlobalSection(ExtensibilityGlobals) = postSolution
		SolutionGuid = {FD7B5FB1-33AF-415B-BF03-6608AD8AB0E8}
	EndGlobalSection
EndGlobal
