
Microsoft Visual Studio Solution File, Format Version 12.00
# Visual Studio Version 17
VisualStudioVersion = 17.7.34024.191
MinimumVisualStudioVersion = 10.0.40219.1
Project("{FAE04EC0-301F-11D3-BF4B-00C04F79EFBC}") = "Hw5-2", "Hw5-2\Hw5-2.csproj", "{494D0735-7510-46CE-B64C-5C02CE9FAD1E}"
EndProject
Global
	GlobalSection(SolutionConfigurationPlatforms) = preSolution
		Debug|Any CPU = Debug|Any CPU
		Release|Any CPU = Release|Any CPU
	EndGlobalSection
	GlobalSection(ProjectConfigurationPlatforms) = postSolution
		{494D0735-7510-46CE-B64C-5C02CE9FAD1E}.Debug|Any CPU.ActiveCfg = Debug|Any CPU
		{494D0735-7510-46CE-B64C-5C02CE9FAD1E}.Debug|Any CPU.Build.0 = Debug|Any CPU
		{494D0735-7510-46CE-B64C-5C02CE9FAD1E}.Release|Any CPU.ActiveCfg = Release|Any CPU
		{494D0735-7510-46CE-B64C-5C02CE9FAD1E}.Release|Any CPU.Build.0 = Release|Any CPU
	EndGlobalSection
	GlobalSection(SolutionProperties) = preSolution
		HideSolutionNode = FALSE
	EndGlobalSection
	GlobalSection(ExtensibilityGlobals) = postSolution
		SolutionGuid = {FD32954F-1251-4973-9E86-71C41AC28936}
	EndGlobalSection
EndGlobal
